// !$*UTF8*$!
{
	archiveVersion = 1;
	classes = {
	};
	objectVersion = 56;
	objects = {

/* Begin PBXBuildFile section */
		1CC27840BDFC91CEC7AFEB91 /* Pods_Realm_notifier.framework in Frameworks */ = {isa = PBXBuildFile; fileRef = AA628ADA2C5B7716BC81021C /* Pods_Realm_notifier.framework */; };
		630F1D6329DCAD0200E1A138 /* AppDelegate.swift in Sources */ = {isa = PBXBuildFile; fileRef = 630F1D6229DCAD0200E1A138 /* AppDelegate.swift */; };
		630F1D6529DCAD0200E1A138 /* SceneDelegate.swift in Sources */ = {isa = PBXBuildFile; fileRef = 630F1D6429DCAD0200E1A138 /* SceneDelegate.swift */; };
		630F1D6729DCAD0200E1A138 /* ViewController.swift in Sources */ = {isa = PBXBuildFile; fileRef = 630F1D6629DCAD0200E1A138 /* ViewController.swift */; };
		630F1D6A29DCAD0200E1A138 /* Main.storyboard in Resources */ = {isa = PBXBuildFile; fileRef = 630F1D6829DCAD0200E1A138 /* Main.storyboard */; };
		630F1D6C29DCAD0300E1A138 /* Assets.xcassets in Resources */ = {isa = PBXBuildFile; fileRef = 630F1D6B29DCAD0300E1A138 /* Assets.xcassets */; };
		630F1D6F29DCAD0300E1A138 /* LaunchScreen.storyboard in Resources */ = {isa = PBXBuildFile; fileRef = 630F1D6D29DCAD0300E1A138 /* LaunchScreen.storyboard */; };
		630F1D7929DCB04400E1A138 /* Notes.swift in Sources */ = {isa = PBXBuildFile; fileRef = 630F1D7829DCB04400E1A138 /* Notes.swift */; };
		630F1D7B29DCB88C00E1A138 /* NewRecordViewController.swift in Sources */ = {isa = PBXBuildFile; fileRef = 630F1D7A29DCB88C00E1A138 /* NewRecordViewController.swift */; };
		630F1D7D29DCB8CA00E1A138 /* TableViewController.swift in Sources */ = {isa = PBXBuildFile; fileRef = 630F1D7C29DCB8CA00E1A138 /* TableViewController.swift */; };
/* End PBXBuildFile section */

/* Begin PBXFileReference section */
		630F1D5F29DCAD0200E1A138 /* Realm notifier.app */ = {isa = PBXFileReference; explicitFileType = wrapper.application; includeInIndex = 0; path = "Realm notifier.app"; sourceTree = BUILT_PRODUCTS_DIR; };
		630F1D6229DCAD0200E1A138 /* AppDelegate.swift */ = {isa = PBXFileReference; lastKnownFileType = sourcecode.swift; path = AppDelegate.swift; sourceTree = "<group>"; };
		630F1D6429DCAD0200E1A138 /* SceneDelegate.swift */ = {isa = PBXFileReference; lastKnownFileType = sourcecode.swift; path = SceneDelegate.swift; sourceTree = "<group>"; };
		630F1D6629DCAD0200E1A138 /* ViewController.swift */ = {isa = PBXFileReference; lastKnownFileType = sourcecode.swift; path = ViewController.swift; sourceTree = "<group>"; };
		630F1D6929DCAD0200E1A138 /* Base */ = {isa = PBXFileReference; lastKnownFileType = file.storyboard; name = Base; path = Base.lproj/Main.storyboard; sourceTree = "<group>"; };
		630F1D6B29DCAD0300E1A138 /* Assets.xcassets */ = {isa = PBXFileReference; lastKnownFileType = folder.assetcatalog; path = Assets.xcassets; sourceTree = "<group>"; };
		630F1D6E29DCAD0300E1A138 /* Base */ = {isa = PBXFileReference; lastKnownFileType = file.storyboard; name = Base; path = Base.lproj/LaunchScreen.storyboard; sourceTree = "<group>"; };
		630F1D7029DCAD0300E1A138 /* Info.plist */ = {isa = PBXFileReference; lastKnownFileType = text.plist.xml; path = Info.plist; sourceTree = "<group>"; };
		630F1D7829DCB04400E1A138 /* Notes.swift */ = {isa = PBXFileReference; lastKnownFileType = sourcecode.swift; path = Notes.swift; sourceTree = "<group>"; };
		630F1D7A29DCB88C00E1A138 /* NewRecordViewController.swift */ = {isa = PBXFileReference; lastKnownFileType = sourcecode.swift; path = NewRecordViewController.swift; sourceTree = "<group>"; };
		630F1D7C29DCB8CA00E1A138 /* TableViewController.swift */ = {isa = PBXFileReference; lastKnownFileType = sourcecode.swift; path = TableViewController.swift; sourceTree = "<group>"; };
		AA628ADA2C5B7716BC81021C /* Pods_Realm_notifier.framework */ = {isa = PBXFileReference; explicitFileType = wrapper.framework; includeInIndex = 0; path = Pods_Realm_notifier.framework; sourceTree = BUILT_PRODUCTS_DIR; };
		E0BF08503297C4C19B306E68 /* Pods-Realm notifier.debug.xcconfig */ = {isa = PBXFileReference; includeInIndex = 1; lastKnownFileType = text.xcconfig; name = "Pods-Realm notifier.debug.xcconfig"; path = "Target Support Files/Pods-Realm notifier/Pods-Realm notifier.debug.xcconfig"; sourceTree = "<group>"; };
		F611A4ECB84541F788EAECA1 /* Pods-Realm notifier.release.xcconfig */ = {isa = PBXFileReference; includeInIndex = 1; lastKnownFileType = text.xcconfig; name = "Pods-Realm notifier.release.xcconfig"; path = "Target Support Files/Pods-Realm notifier/Pods-Realm notifier.release.xcconfig"; sourceTree = "<group>"; };
/* End PBXFileReference section */

/* Begin PBXFrameworksBuildPhase section */
		630F1D5C29DCAD0200E1A138 /* Frameworks */ = {
			isa = PBXFrameworksBuildPhase;
			buildActionMask = 2147483647;
			files = (
				1CC27840BDFC91CEC7AFEB91 /* Pods_Realm_notifier.framework in Frameworks */,
			);
			runOnlyForDeploymentPostprocessing = 0;
		};
/* End PBXFrameworksBuildPhase section */

/* Begin PBXGroup section */
		630F1D5629DCAD0200E1A138 = {
			isa = PBXGroup;
			children = (
				630F1D6129DCAD0200E1A138 /* Realm notifier */,
				630F1D6029DCAD0200E1A138 /* Products */,
				F25058563C3AE1DE8796D309 /* Pods */,
				C4FE0D483F34ADD4F44B50E2 /* Frameworks */,
			);
			sourceTree = "<group>";
		};
		630F1D6029DCAD0200E1A138 /* Products */ = {
			isa = PBXGroup;
			children = (
				630F1D5F29DCAD0200E1A138 /* Realm notifier.app */,
			);
			name = Products;
			sourceTree = "<group>";
		};
		630F1D6129DCAD0200E1A138 /* Realm notifier */ = {
			isa = PBXGroup;
			children = (
				630F1D6229DCAD0200E1A138 /* AppDelegate.swift */,
				630F1D6429DCAD0200E1A138 /* SceneDelegate.swift */,
				630F1D6629DCAD0200E1A138 /* ViewController.swift */,
				630F1D7C29DCB8CA00E1A138 /* TableViewController.swift */,
				630F1D7829DCB04400E1A138 /* Notes.swift */,
				630F1D6829DCAD0200E1A138 /* Main.storyboard */,
				630F1D7A29DCB88C00E1A138 /* NewRecordViewController.swift */,
				630F1D6B29DCAD0300E1A138 /* Assets.xcassets */,
				630F1D6D29DCAD0300E1A138 /* LaunchScreen.storyboard */,
				630F1D7029DCAD0300E1A138 /* Info.plist */,
			);
			path = "Realm notifier";
			sourceTree = "<group>";
		};
		C4FE0D483F34ADD4F44B50E2 /* Frameworks */ = {
			isa = PBXGroup;
			children = (
				AA628ADA2C5B7716BC81021C /* Pods_Realm_notifier.framework */,
			);
			name = Frameworks;
			sourceTree = "<group>";
		};
		F25058563C3AE1DE8796D309 /* Pods */ = {
			isa = PBXGroup;
			children = (
				E0BF08503297C4C19B306E68 /* Pods-Realm notifier.debug.xcconfig */,
				F611A4ECB84541F788EAECA1 /* Pods-Realm notifier.release.xcconfig */,
			);
			path = Pods;
			sourceTree = "<group>";
		};
/* End PBXGroup section */

/* Begin PBXNativeTarget section */
		630F1D5E29DCAD0200E1A138 /* Realm notifier */ = {
			isa = PBXNativeTarget;
			buildConfigurationList = 630F1D7329DCAD0300E1A138 /* Build configuration list for PBXNativeTarget "Realm notifier" */;
			buildPhases = (
				E922F8D305EB79A69584F255 /* [CP] Check Pods Manifest.lock */,
				630F1D5B29DCAD0200E1A138 /* Sources */,
				630F1D5C29DCAD0200E1A138 /* Frameworks */,
				630F1D5D29DCAD0200E1A138 /* Resources */,
				5439F742349C5C1A8F215148 /* [CP] Embed Pods Frameworks */,
			);
			buildRules = (
			);
			dependencies = (
			);
			name = "Realm notifier";
			productName = "Realm notifier";
			productReference = 630F1D5F29DCAD0200E1A138 /* Realm notifier.app */;
			productType = "com.apple.product-type.application";
		};
/* End PBXNativeTarget section */

/* Begin PBXProject section */
		630F1D5729DCAD0200E1A138 /* Project object */ = {
			isa = PBXProject;
			attributes = {
				BuildIndependentTargetsInParallel = 1;
				LastSwiftUpdateCheck = 1430;
				LastUpgradeCheck = 1430;
				TargetAttributes = {
					630F1D5E29DCAD0200E1A138 = {
						CreatedOnToolsVersion = 14.3;
					};
				};
			};
			buildConfigurationList = 630F1D5A29DCAD0200E1A138 /* Build configuration list for PBXProject "Realm notifier" */;
			compatibilityVersion = "Xcode 14.0";
			developmentRegion = en;
			hasScannedForEncodings = 0;
			knownRegions = (
				en,
				Base,
			);
			mainGroup = 630F1D5629DCAD0200E1A138;
			productRefGroup = 630F1D6029DCAD0200E1A138 /* Products */;
			projectDirPath = "";
			projectRoot = "";
			targets = (
				630F1D5E29DCAD0200E1A138 /* Realm notifier */,
			);
		};
/* End PBXProject section */

/* Begin PBXResourcesBuildPhase section */
		630F1D5D29DCAD0200E1A138 /* Resources */ = {
			isa = PBXResourcesBuildPhase;
			buildActionMask = 2147483647;
			files = (
				630F1D6F29DCAD0300E1A138 /* LaunchScreen.storyboard in Resources */,
				630F1D6C29DCAD0300E1A138 /* Assets.xcassets in Resources */,
				630F1D6A29DCAD0200E1A138 /* Main.storyboard in Resources */,
			);
			runOnlyForDeploymentPostprocessing = 0;
		};
/* End PBXResourcesBuildPhase section */

/* Begin PBXShellScriptBuildPhase section */
		5439F742349C5C1A8F215148 /* [CP] Embed Pods Frameworks */ = {
			isa = PBXShellScriptBuildPhase;
			buildActionMask = 2147483647;
			files = (
			);
			inputFileListPaths = (
				"${PODS_ROOT}/Target Support Files/Pods-Realm notifier/Pods-Realm notifier-frameworks-${CONFIGURATION}-input-files.xcfilelist",
			);
			name = "[CP] Embed Pods Frameworks";
			outputFileListPaths = (
				"${PODS_ROOT}/Target Support Files/Pods-Realm notifier/Pods-Realm notifier-frameworks-${CONFIGURATION}-output-files.xcfilelist",
			);
			runOnlyForDeploymentPostprocessing = 0;
			shellPath = /bin/sh;
			shellScript = "\"${PODS_ROOT}/Target Support Files/Pods-Realm notifier/Pods-Realm notifier-frameworks.sh\"\n";
			showEnvVarsInLog = 0;
		};
		E922F8D305EB79A69584F255 /* [CP] Check Pods Manifest.lock */ = {
			isa = PBXShellScriptBuildPhase;
			buildActionMask = 2147483647;
			files = (
			);
			inputFileListPaths = (
			);
			inputPaths = (
				"${PODS_PODFILE_DIR_PATH}/Podfile.lock",
				"${PODS_ROOT}/Manifest.lock",
			);
			name = "[CP] Check Pods Manifest.lock";
			outputFileListPaths = (
			);
			outputPaths = (
				"$(DERIVED_FILE_DIR)/Pods-Realm notifier-checkManifestLockResult.txt",
			);
			runOnlyForDeploymentPostprocessing = 0;
			shellPath = /bin/sh;
			shellScript = "diff \"${PODS_PODFILE_DIR_PATH}/Podfile.lock\" \"${PODS_ROOT}/Manifest.lock\" > /dev/null\nif [ $? != 0 ] ; then\n    # print error to STDERR\n    echo \"error: The sandbox is not in sync with the Podfile.lock. Run 'pod install' or update your CocoaPods installation.\" >&2\n    exit 1\nfi\n# This output is used by Xcode 'outputs' to avoid re-running this script phase.\necho \"SUCCESS\" > \"${SCRIPT_OUTPUT_FILE_0}\"\n";
			showEnvVarsInLog = 0;
		};
/* End PBXShellScriptBuildPhase section */

/* Begin PBXSourcesBuildPhase section */
		630F1D5B29DCAD0200E1A138 /* Sources */ = {
			isa = PBXSourcesBuildPhase;
			buildActionMask = 2147483647;
			files = (
				630F1D6729DCAD0200E1A138 /* ViewController.swift in Sources */,
				630F1D7D29DCB8CA00E1A138 /* TableViewController.swift in Sources */,
				630F1D6329DCAD0200E1A138 /* AppDelegate.swift in Sources */,
				630F1D6529DCAD0200E1A138 /* SceneDelegate.swift in Sources */,
				630F1D7929DCB04400E1A138 /* Notes.swift in Sources */,
				630F1D7B29DCB88C00E1A138 /* NewRecordViewController.swift in Sources */,
			);
			runOnlyForDeploymentPostprocessing = 0;
		};
/* End PBXSourcesBuildPhase section */

/* Begin PBXVariantGroup section */
		630F1D6829DCAD0200E1A138 /* Main.storyboard */ = {
			isa = PBXVariantGroup;
			children = (
				630F1D6929DCAD0200E1A138 /* Base */,
			);
			name = Main.storyboard;
			sourceTree = "<group>";
		};
		630F1D6D29DCAD0300E1A138 /* LaunchScreen.storyboard */ = {
			isa = PBXVariantGroup;
			children = (
				630F1D6E29DCAD0300E1A138 /* Base */,
			);
			name = LaunchScreen.storyboard;
			sourceTree = "<group>";
		};
/* End PBXVariantGroup section */

/* Begin XCBuildConfiguration section */
		630F1D7129DCAD0300E1A138 /* Debug */ = {
			isa = XCBuildConfiguration;
			buildSettings = {
				ALWAYS_SEARCH_USER_PATHS = NO;
				CLANG_ANALYZER_NONNULL = YES;
				CLANG_ANALYZER_NUMBER_OBJECT_CONVERSION = YES_AGGRESSIVE;
				CLANG_CXX_LANGUAGE_STANDARD = "gnu++20";
				CLANG_ENABLE_MODULES = YES;
				CLANG_ENABLE_OBJC_ARC = YES;
				CLANG_ENABLE_OBJC_WEAK = YES;
				CLANG_WARN_BLOCK_CAPTURE_AUTORELEASING = YES;
				CLANG_WARN_BOOL_CONVERSION = YES;
				CLANG_WARN_COMMA = YES;
				CLANG_WARN_CONSTANT_CONVERSION = YES;
				CLANG_WARN_DEPRECATED_OBJC_IMPLEMENTATIONS = YES;
				CLANG_WARN_DIRECT_OBJC_ISA_USAGE = YES_ERROR;
				CLANG_WARN_DOCUMENTATION_COMMENTS = YES;
				CLANG_WARN_EMPTY_BODY = YES;
				CLANG_WARN_ENUM_CONVERSION = YES;
				CLANG_WARN_INFINITE_RECURSION = YES;
				CLANG_WARN_INT_CONVERSION = YES;
				CLANG_WARN_NON_LITERAL_NULL_CONVERSION = YES;
				CLANG_WARN_OBJC_IMPLICIT_RETAIN_SELF = YES;
				CLANG_WARN_OBJC_LITERAL_CONVERSION = YES;
				CLANG_WARN_OBJC_ROOT_CLASS = YES_ERROR;
				CLANG_WARN_QUOTED_INCLUDE_IN_FRAMEWORK_HEADER = YES;
				CLANG_WARN_RANGE_LOOP_ANALYSIS = YES;
				CLANG_WARN_STRICT_PROTOTYPES = YES;
				CLANG_WARN_SUSPICIOUS_MOVE = YES;
				CLANG_WARN_UNGUARDED_AVAILABILITY = YES_AGGRESSIVE;
				CLANG_WARN_UNREACHABLE_CODE = YES;
				CLANG_WARN__DUPLICATE_METHOD_MATCH = YES;
				COPY_PHASE_STRIP = NO;
				DEBUG_INFORMATION_FORMAT = dwarf;
				ENABLE_STRICT_OBJC_MSGSEND = YES;
				ENABLE_TESTABILITY = YES;
				GCC_C_LANGUAGE_STANDARD = gnu11;
				GCC_DYNAMIC_NO_PIC = NO;
				GCC_NO_COMMON_BLOCKS = YES;
				GCC_OPTIMIZATION_LEVEL = 0;
				GCC_PREPROCESSOR_DEFINITIONS = (
					"DEBUG=1",
					"$(inherited)",
				);
				GCC_WARN_64_TO_32_BIT_CONVERSION = YES;
				GCC_WARN_ABOUT_RETURN_TYPE = YES_ERROR;
				GCC_WARN_UNDECLARED_SELECTOR = YES;
				GCC_WARN_UNINITIALIZED_AUTOS = YES_AGGRESSIVE;
				GCC_WARN_UNUSED_FUNCTION = YES;
				GCC_WARN_UNUSED_VARIABLE = YES;
				IPHONEOS_DEPLOYMENT_TARGET = 16.4;
				MTL_ENABLE_DEBUG_INFO = INCLUDE_SOURCE;
				MTL_FAST_MATH = YES;
				ONLY_ACTIVE_ARCH = YES;
				SDKROOT = iphoneos;
				SWIFT_ACTIVE_COMPILATION_CONDITIONS = DEBUG;
				SWIFT_OPTIMIZATION_LEVEL = "-Onone";
			};
			name = Debug;
		};
		630F1D7229DCAD0300E1A138 /* Release */ = {
			isa = XCBuildConfiguration;
			buildSettings = {
				ALWAYS_SEARCH_USER_PATHS = NO;
				CLANG_ANALYZER_NONNULL = YES;
				CLANG_ANALYZER_NUMBER_OBJECT_CONVERSION = YES_AGGRESSIVE;
				CLANG_CXX_LANGUAGE_STANDARD = "gnu++20";
				CLANG_ENABLE_MODULES = YES;
				CLANG_ENABLE_OBJC_ARC = YES;
				CLANG_ENABLE_OBJC_WEAK = YES;
				CLANG_WARN_BLOCK_CAPTURE_AUTORELEASING = YES;
				CLANG_WARN_BOOL_CONVERSION = YES;
				CLANG_WARN_COMMA = YES;
				CLANG_WARN_CONSTANT_CONVERSION = YES;
				CLANG_WARN_DEPRECATED_OBJC_IMPLEMENTATIONS = YES;
				CLANG_WARN_DIRECT_OBJC_ISA_USAGE = YES_ERROR;
				CLANG_WARN_DOCUMENTATION_COMMENTS = YES;
				CLANG_WARN_EMPTY_BODY = YES;
				CLANG_WARN_ENUM_CONVERSION = YES;
				CLANG_WARN_INFINITE_RECURSION = YES;
				CLANG_WARN_INT_CONVERSION = YES;
				CLANG_WARN_NON_LITERAL_NULL_CONVERSION = YES;
				CLANG_WARN_OBJC_IMPLICIT_RETAIN_SELF = YES;
				CLANG_WARN_OBJC_LITERAL_CONVERSION = YES;
				CLANG_WARN_OBJC_ROOT_CLASS = YES_ERROR;
				CLANG_WARN_QUOTED_INCLUDE_IN_FRAMEWORK_HEADER = YES;
				CLANG_WARN_RANGE_LOOP_ANALYSIS = YES;
				CLANG_WARN_STRICT_PROTOTYPES = YES;
				CLANG_WARN_SUSPICIOUS_MOVE = YES;
				CLANG_WARN_UNGUARDED_AVAILABILITY = YES_AGGRESSIVE;
				CLANG_WARN_UNREACHABLE_CODE = YES;
				CLANG_WARN__DUPLICATE_METHOD_MATCH = YES;
				COPY_PHASE_STRIP = NO;
				DEBUG_INFORMATION_FORMAT = "dwarf-with-dsym";
				ENABLE_NS_ASSERTIONS = NO;
				ENABLE_STRICT_OBJC_MSGSEND = YES;
				GCC_C_LANGUAGE_STANDARD = gnu11;
				GCC_NO_COMMON_BLOCKS = YES;
				GCC_WARN_64_TO_32_BIT_CONVERSION = YES;
				GCC_WARN_ABOUT_RETURN_TYPE = YES_ERROR;
				GCC_WARN_UNDECLARED_SELECTOR = YES;
				GCC_WARN_UNINITIALIZED_AUTOS = YES_AGGRESSIVE;
				GCC_WARN_UNUSED_FUNCTION = YES;
				GCC_WARN_UNUSED_VARIABLE = YES;
				IPHONEOS_DEPLOYMENT_TARGET = 16.4;
				MTL_ENABLE_DEBUG_INFO = NO;
				MTL_FAST_MATH = YES;
				SDKROOT = iphoneos;
				SWIFT_COMPILATION_MODE = wholemodule;
				SWIFT_OPTIMIZATION_LEVEL = "-O";
				VALIDATE_PRODUCT = YES;
			};
			name = Release;
		};
		630F1D7429DCAD0300E1A138 /* Debug */ = {
			isa = XCBuildConfiguration;
			baseConfigurationReference = E0BF08503297C4C19B306E68 /* Pods-Realm notifier.debug.xcconfig */;
			buildSettings = {
				ASSETCATALOG_COMPILER_APPICON_NAME = AppIcon;
				ASSETCATALOG_COMPILER_GLOBAL_ACCENT_COLOR_NAME = AccentColor;
				CODE_SIGN_STYLE = Automatic;
				CURRENT_PROJECT_VERSION = 1;
				GENERATE_INFOPLIST_FILE = YES;
				INFOPLIST_FILE = "Realm notifier/Info.plist";
				INFOPLIST_KEY_UIApplicationSupportsIndirectInputEvents = YES;
				INFOPLIST_KEY_UILaunchStoryboardName = LaunchScreen;
				INFOPLIST_KEY_UIMainStoryboardFile = Main;
				INFOPLIST_KEY_UISupportedInterfaceOrientations_iPad = "UIInterfaceOrientationPortrait UIInterfaceOrientationPortraitUpsideDown UIInterfaceOrientationLandscapeLeft UIInterfaceOrientationLandscapeRight";
				INFOPLIST_KEY_UISupportedInterfaceOrientations_iPhone = "UIInterfaceOrientationPortrait UIInterfaceOrientationLandscapeLeft UIInterfaceOrientationLandscapeRight";
				IPHONEOS_DEPLOYMENT_TARGET = 15.0;
				LD_RUNPATH_SEARCH_PATHS = (
					"$(inherited)",
					"@executable_path/Frameworks",
				);
				MARKETING_VERSION = 1.0;
				PRODUCT_BUNDLE_IDENTIFIER = "mendeleev.Realm-notifier";
				PRODUCT_NAME = "$(TARGET_NAME)";
				SWIFT_EMIT_LOC_STRINGS = YES;
				SWIFT_VERSION = 5.0;
				TARGETED_DEVICE_FAMILY = "1,2";
			};
			name = Debug;
		};
		630F1D7529DCAD0300E1A138 /* Release */ = {
			isa = XCBuildConfiguration;
			baseConfigurationReference = F611A4ECB84541F788EAECA1 /* Pods-Realm notifier.release.xcconfig */;
			buildSettings = {
				ASSETCATALOG_COMPILER_APPICON_NAME = AppIcon;
				ASSETCATALOG_COMPILER_GLOBAL_ACCENT_COLOR_NAME = AccentColor;
				CODE_SIGN_STYLE = Automatic;
				CURRENT_PROJECT_VERSION = 1;
				GENERATE_INFOPLIST_FILE = YES;
				INFOPLIST_FILE = "Realm notifier/Info.plist";
				INFOPLIST_KEY_UIApplicationSupportsIndirectInputEvents = YES;
				INFOPLIST_KEY_UILaunchStoryboardName = LaunchScreen;
				INFOPLIST_KEY_UIMainStoryboardFile = Main;
				INFOPLIST_KEY_UISupportedInterfaceOrientations_iPad = "UIInterfaceOrientationPortrait UIInterfaceOrientationPortraitUpsideDown UIInterfaceOrientationLandscapeLeft UIInterfaceOrientationLandscapeRight";
				INFOPLIST_KEY_UISupportedInterfaceOrientations_iPhone = "UIInterfaceOrientationPortrait UIInterfaceOrientationLandscapeLeft UIInterfaceOrientationLandscapeRight";
				IPHONEOS_DEPLOYMENT_TARGET = 15.0;
				LD_RUNPATH_SEARCH_PATHS = (
					"$(inherited)",
					"@executable_path/Frameworks",
				);
				MARKETING_VERSION = 1.0;
				PRODUCT_BUNDLE_IDENTIFIER = "mendeleev.Realm-notifier";
				PRODUCT_NAME = "$(TARGET_NAME)";
				SWIFT_EMIT_LOC_STRINGS = YES;
				SWIFT_VERSION = 5.0;
				TARGETED_DEVICE_FAMILY = "1,2";
			};
			name = Release;
		};
/* End XCBuildConfiguration section */

/* Begin XCConfigurationList section */
		630F1D5A29DCAD0200E1A138 /* Build configuration list for PBXProject "Realm notifier" */ = {
			isa = XCConfigurationList;
			buildConfigurations = (
				630F1D7129DCAD0300E1A138 /* Debug */,
				630F1D7229DCAD0300E1A138 /* Release */,
			);
			defaultConfigurationIsVisible = 0;
			defaultConfigurationName = Release;
		};
		630F1D7329DCAD0300E1A138 /* Build configuration list for PBXNativeTarget "Realm notifier" */ = {
			isa = XCConfigurationList;
			buildConfigurations = (
				630F1D7429DCAD0300E1A138 /* Debug */,
				630F1D7529DCAD0300E1A138 /* Release */,
			);
			defaultConfigurationIsVisible = 0;
			defaultConfigurationName = Release;
		};
/* End XCConfigurationList section */
	};
	rootObject = 630F1D5729DCAD0200E1A138 /* Project object */;
}
